
Microsoft Visual Studio Solution File, Format Version 12.00
# Visual Studio 15
VisualStudioVersion = 15.0.28307.572
MinimumVisualStudioVersion = 10.0.40219.1
Project("{FAE04EC0-301F-11D3-BF4B-00C04F79EFBC}") = "prototype", "prototype\prototype.csproj", "{604B4172-66CB-49B2-A3A3-9384A8EB2EF3}"
EndProject
Global
	GlobalSection(SolutionConfigurationPlatforms) = preSolution
		Debug|Any CPU = Debug|Any CPU
		Release|Any CPU = Release|Any CPU
	EndGlobalSection
	GlobalSection(ProjectConfigurationPlatforms) = postSolution
		{604B4172-66CB-49B2-A3A3-9384A8EB2EF3}.Debug|Any CPU.ActiveCfg = Debug|Any CPU
		{604B4172-66CB-49B2-A3A3-9384A8EB2EF3}.Debug|Any CPU.Build.0 = Debug|Any CPU
		{604B4172-66CB-49B2-A3A3-9384A8EB2EF3}.Release|Any CPU.ActiveCfg = Release|Any CPU
		{604B4172-66CB-49B2-A3A3-9384A8EB2EF3}.Release|Any CPU.Build.0 = Release|Any CPU
	EndGlobalSection
	GlobalSection(SolutionProperties) = preSolution
		HideSolutionNode = FALSE
	EndGlobalSection
	GlobalSection(ExtensibilityGlobals) = postSolution
		SolutionGuid = {D174DFFE-0182-4C86-96D0-4BCBBC147438}
	EndGlobalSection
EndGlobal
